
Microsoft Visual Studio Solution File, Format Version 12.00
# Visual Studio Version 16
VisualStudioVersion = 16.0.32228.343
MinimumVisualStudioVersion = 10.0.40219.1
Project("{FAE04EC0-301F-11D3-BF4B-00C04F79EFBC}") = "Sink", "Sink\Sink.csproj", "{291527E1-308B-421E-BEB3-F400468F2DDC}"
EndProject
Global
	GlobalSection(SolutionConfigurationPlatforms) = preSolution
		Debug|Any CPU = Debug|Any CPU
		Release|Any CPU = Release|Any CPU
	EndGlobalSection
	GlobalSection(ProjectConfigurationPlatforms) = postSolution
		{291527E1-308B-421E-BEB3-F400468F2DDC}.Debug|Any CPU.ActiveCfg = Debug|Any CPU
		{291527E1-308B-421E-BEB3-F400468F2DDC}.Debug|Any CPU.Build.0 = Debug|Any CPU
		{291527E1-308B-421E-BEB3-F400468F2DDC}.Release|Any CPU.ActiveCfg = Release|Any CPU
		{291527E1-308B-421E-BEB3-F400468F2DDC}.Release|Any CPU.Build.0 = Release|Any CPU
	EndGlobalSection
	GlobalSection(SolutionProperties) = preSolution
		HideSolutionNode = FALSE
	EndGlobalSection
	GlobalSection(ExtensibilityGlobals) = postSolution
		SolutionGuid = {B7174AD2-1B96-4F50-939F-FB3B36B6A538}
	EndGlobalSection
EndGlobal
